
Microsoft Visual Studio Solution File, Format Version 12.00
# Visual Studio Version 16
VisualStudioVersion = 16.0.28803.156
MinimumVisualStudioVersion = 10.0.40219.1
Project("{FAE04EC0-301F-11D3-BF4B-00C04F79EFBC}") = "FinalExam_RachelHague", "DBassignment10\FinalExam_RachelHague.csproj", "{F419CFFF-DB49-47C1-84EE-C782DF72DB67}"
EndProject
Global
	GlobalSection(SolutionConfigurationPlatforms) = preSolution
		Debug|Any CPU = Debug|Any CPU
		Release|Any CPU = Release|Any CPU
	EndGlobalSection
	GlobalSection(ProjectConfigurationPlatforms) = postSolution
		{F419CFFF-DB49-47C1-84EE-C782DF72DB67}.Debug|Any CPU.ActiveCfg = Debug|Any CPU
		{F419CFFF-DB49-47C1-84EE-C782DF72DB67}.Debug|Any CPU.Build.0 = Debug|Any CPU
		{F419CFFF-DB49-47C1-84EE-C782DF72DB67}.Release|Any CPU.ActiveCfg = Release|Any CPU
		{F419CFFF-DB49-47C1-84EE-C782DF72DB67}.Release|Any CPU.Build.0 = Release|Any CPU
	EndGlobalSection
	GlobalSection(SolutionProperties) = preSolution
		HideSolutionNode = FALSE
	EndGlobalSection
	GlobalSection(ExtensibilityGlobals) = postSolution
		SolutionGuid = {8725F2DE-0867-4860-9296-0ABAFD9DE002}
	EndGlobalSection
EndGlobal
